
Microsoft Visual Studio Solution File, Format Version 12.00
# Visual Studio 15
Project("{FAE04EC0-301F-11D3-BF4B-00C04F79EFBC}") = "UnityPlanets", "Assembly-CSharp-firstpass.csproj", "{3AFDC7AC-0ABE-6FF2-D1DD-4657A82BF96F}"
EndProject
Project("{FAE04EC0-301F-11D3-BF4B-00C04F79EFBC}") = "UnityPlanets", "Assembly-CSharp.csproj", "{691EA391-E5BA-5600-E7DC-3945638AA16F}"
EndProject
Project("{FAE04EC0-301F-11D3-BF4B-00C04F79EFBC}") = "UnityPlanets", "Assembly-CSharp-Editor-firstpass.csproj", "{0787D77D-3E15-94DE-3B68-23E0EE92ACA6}"
EndProject
Project("{FAE04EC0-301F-11D3-BF4B-00C04F79EFBC}") = "UnityPlanets", "Assembly-CSharp-Editor.csproj", "{841604CC-3CB4-31BD-07EE-B6BD50893F37}"
EndProject
Global
	GlobalSection(SolutionConfigurationPlatforms) = preSolution
		Debug|Any CPU = Debug|Any CPU
		Release|Any CPU = Release|Any CPU
	EndGlobalSection
	GlobalSection(ProjectConfigurationPlatforms) = postSolution
		{3AFDC7AC-0ABE-6FF2-D1DD-4657A82BF96F}.Debug|Any CPU.ActiveCfg = Debug|Any CPU
		{3AFDC7AC-0ABE-6FF2-D1DD-4657A82BF96F}.Debug|Any CPU.Build.0 = Debug|Any CPU
		{3AFDC7AC-0ABE-6FF2-D1DD-4657A82BF96F}.Release|Any CPU.ActiveCfg = Release|Any CPU
		{3AFDC7AC-0ABE-6FF2-D1DD-4657A82BF96F}.Release|Any CPU.Build.0 = Release|Any CPU
		{691EA391-E5BA-5600-E7DC-3945638AA16F}.Debug|Any CPU.ActiveCfg = Debug|Any CPU
		{691EA391-E5BA-5600-E7DC-3945638AA16F}.Debug|Any CPU.Build.0 = Debug|Any CPU
		{691EA391-E5BA-5600-E7DC-3945638AA16F}.Release|Any CPU.ActiveCfg = Release|Any CPU
		{691EA391-E5BA-5600-E7DC-3945638AA16F}.Release|Any CPU.Build.0 = Release|Any CPU
		{0787D77D-3E15-94DE-3B68-23E0EE92ACA6}.Debug|Any CPU.ActiveCfg = Debug|Any CPU
		{0787D77D-3E15-94DE-3B68-23E0EE92ACA6}.Debug|Any CPU.Build.0 = Debug|Any CPU
		{0787D77D-3E15-94DE-3B68-23E0EE92ACA6}.Release|Any CPU.ActiveCfg = Release|Any CPU
		{0787D77D-3E15-94DE-3B68-23E0EE92ACA6}.Release|Any CPU.Build.0 = Release|Any CPU
		{841604CC-3CB4-31BD-07EE-B6BD50893F37}.Debug|Any CPU.ActiveCfg = Debug|Any CPU
		{841604CC-3CB4-31BD-07EE-B6BD50893F37}.Debug|Any CPU.Build.0 = Debug|Any CPU
		{841604CC-3CB4-31BD-07EE-B6BD50893F37}.Release|Any CPU.ActiveCfg = Release|Any CPU
		{841604CC-3CB4-31BD-07EE-B6BD50893F37}.Release|Any CPU.Build.0 = Release|Any CPU
	EndGlobalSection
	GlobalSection(SolutionProperties) = preSolution
		HideSolutionNode = FALSE
	EndGlobalSection
EndGlobal
